
Microsoft Visual Studio Solution File, Format Version 11.00
# Visual C# Express 2010
Project("{FAE04EC0-301F-11D3-BF4B-00C04F79EFBC}") = "ConsoleApplication1", "ConsoleApplication1\ConsoleApplication1.csproj", "{3E7B0EC8-549C-4375-9432-7073AC15E15D}"
EndProject
Global
	GlobalSection(SolutionConfigurationPlatforms) = preSolution
		Debug|x86 = Debug|x86
		Release|x86 = Release|x86
	EndGlobalSection
	GlobalSection(ProjectConfigurationPlatforms) = postSolution
		{3E7B0EC8-549C-4375-9432-7073AC15E15D}.Debug|x86.ActiveCfg = Debug|x86
		{3E7B0EC8-549C-4375-9432-7073AC15E15D}.Debug|x86.Build.0 = Debug|x86
		{3E7B0EC8-549C-4375-9432-7073AC15E15D}.Release|x86.ActiveCfg = Release|x86
		{3E7B0EC8-549C-4375-9432-7073AC15E15D}.Release|x86.Build.0 = Release|x86
	EndGlobalSection
	GlobalSection(SolutionProperties) = preSolution
		HideSolutionNode = FALSE
	EndGlobalSection
EndGlobal
